
Microsoft Visual Studio Solution File, Format Version 12.00
# Visual Studio Version 17
VisualStudioVersion = 17.0.31903.59
MinimumVisualStudioVersion = 10.0.40219.1
Project("{2150E333-8FDC-42A3-9474-1A3956D46DE8}") = "src", "src", "{827E0CD3-B72D-47B6-A68D-7590B98EB39B}"
EndProject
Project("{FAE04EC0-301F-11D3-BF4B-00C04F79EFBC}") = "RevitCodexBridge.Addin", "src\RevitCodexBridge.Addin\RevitCodexBridge.Addin.csproj", "{D9366DE9-B3B4-08FA-C29B-5429647E0623}"
EndProject
Project("{FAE04EC0-301F-11D3-BF4B-00C04F79EFBC}") = "RevitCodexBridge.Cli", "src\RevitCodexBridge.Cli\RevitCodexBridge.Cli.csproj", "{B4780FCF-FC7F-4EA9-8ADD-F3BE9ED3BFDA}"
EndProject
Project("{FAE04EC0-301F-11D3-BF4B-00C04F79EFBC}") = "RevitCodexBridge.Mcp", "src\RevitCodexBridge.Mcp\RevitCodexBridge.Mcp.csproj", "{7C33C57A-5AE2-462B-A43B-E5B6C0A8A5B9}"
EndProject
Project("{FAE04EC0-301F-11D3-BF4B-00C04F79EFBC}") = "YingTanAiBridge.Contracts", "src\YingTanAiBridge.Contracts\YingTanAiBridge.Contracts.csproj", "{F0CBA84D-7464-4109-8E26-27EEA4E720C0}"
EndProject
Project("{FAE04EC0-301F-11D3-BF4B-00C04F79EFBC}") = "YingTanAiBridge.Rhino", "src\YingTanAiBridge.Rhino\YingTanAiBridge.Rhino.csproj", "{FD0B86F0-6419-426D-9E25-12B8A8398544}"
EndProject
Project("{FAE04EC0-301F-11D3-BF4B-00C04F79EFBC}") = "YingTanAiBridge.AutoCAD", "src\YingTanAiBridge.AutoCAD\YingTanAiBridge.AutoCAD.csproj", "{F06B3315-26C3-4C5D-A6C5-D6121C64D758}"
EndProject
Project("{FAE04EC0-301F-11D3-BF4B-00C04F79EFBC}") = "YingTanAiBridge.Inventor", "src\YingTanAiBridge.Inventor\YingTanAiBridge.Inventor.csproj", "{8474C1DC-CE8B-4D84-9533-292CC689953D}"
EndProject
Global
	GlobalSection(SolutionConfigurationPlatforms) = preSolution
		Debug|Any CPU = Debug|Any CPU
		Debug|x64 = Debug|x64
		Debug|x86 = Debug|x86
		Release|Any CPU = Release|Any CPU
		Release|x64 = Release|x64
		Release|x86 = Release|x86
	EndGlobalSection
	GlobalSection(ProjectConfigurationPlatforms) = postSolution
		{D9366DE9-B3B4-08FA-C29B-5429647E0623}.Debug|Any CPU.ActiveCfg = Debug|Any CPU
		{D9366DE9-B3B4-08FA-C29B-5429647E0623}.Debug|Any CPU.Build.0 = Debug|Any CPU
		{D9366DE9-B3B4-08FA-C29B-5429647E0623}.Debug|x64.ActiveCfg = Debug|Any CPU
		{D9366DE9-B3B4-08FA-C29B-5429647E0623}.Debug|x64.Build.0 = Debug|Any CPU
		{D9366DE9-B3B4-08FA-C29B-5429647E0623}.Debug|x86.ActiveCfg = Debug|Any CPU
		{D9366DE9-B3B4-08FA-C29B-5429647E0623}.Debug|x86.Build.0 = Debug|Any CPU
		{D9366DE9-B3B4-08FA-C29B-5429647E0623}.Release|Any CPU.ActiveCfg = Release|Any CPU
		{D9366DE9-B3B4-08FA-C29B-5429647E0623}.Release|Any CPU.Build.0 = Release|Any CPU
		{D9366DE9-B3B4-08FA-C29B-5429647E0623}.Release|x64.ActiveCfg = Release|Any CPU
		{D9366DE9-B3B4-08FA-C29B-5429647E0623}.Release|x64.Build.0 = Release|Any CPU
		{D9366DE9-B3B4-08FA-C29B-5429647E0623}.Release|x86.ActiveCfg = Release|Any CPU
		{D9366DE9-B3B4-08FA-C29B-5429647E0623}.Release|x86.Build.0 = Release|Any CPU
		{B4780FCF-FC7F-4EA9-8ADD-F3BE9ED3BFDA}.Debug|Any CPU.ActiveCfg = Debug|Any CPU
		{B4780FCF-FC7F-4EA9-8ADD-F3BE9ED3BFDA}.Debug|Any CPU.Build.0 = Debug|Any CPU
		{B4780FCF-FC7F-4EA9-8ADD-F3BE9ED3BFDA}.Debug|x64.ActiveCfg = Debug|Any CPU
		{B4780FCF-FC7F-4EA9-8ADD-F3BE9ED3BFDA}.Debug|x64.Build.0 = Debug|Any CPU
		{B4780FCF-FC7F-4EA9-8ADD-F3BE9ED3BFDA}.Debug|x86.ActiveCfg = Debug|Any CPU
		{B4780FCF-FC7F-4EA9-8ADD-F3BE9ED3BFDA}.Debug|x86.Build.0 = Debug|Any CPU
		{B4780FCF-FC7F-4EA9-8ADD-F3BE9ED3BFDA}.Release|Any CPU.ActiveCfg = Release|Any CPU
		{B4780FCF-FC7F-4EA9-8ADD-F3BE9ED3BFDA}.Release|Any CPU.Build.0 = Release|Any CPU
		{B4780FCF-FC7F-4EA9-8ADD-F3BE9ED3BFDA}.Release|x64.ActiveCfg = Release|Any CPU
		{B4780FCF-FC7F-4EA9-8ADD-F3BE9ED3BFDA}.Release|x64.Build.0 = Release|Any CPU
		{B4780FCF-FC7F-4EA9-8ADD-F3BE9ED3BFDA}.Release|x86.ActiveCfg = Release|Any CPU
		{B4780FCF-FC7F-4EA9-8ADD-F3BE9ED3BFDA}.Release|x86.Build.0 = Release|Any CPU
		{7C33C57A-5AE2-462B-A43B-E5B6C0A8A5B9}.Debug|Any CPU.ActiveCfg = Debug|Any CPU
		{7C33C57A-5AE2-462B-A43B-E5B6C0A8A5B9}.Debug|Any CPU.Build.0 = Debug|Any CPU
		{7C33C57A-5AE2-462B-A43B-E5B6C0A8A5B9}.Debug|x64.ActiveCfg = Debug|Any CPU
		{7C33C57A-5AE2-462B-A43B-E5B6C0A8A5B9}.Debug|x64.Build.0 = Debug|Any CPU
		{7C33C57A-5AE2-462B-A43B-E5B6C0A8A5B9}.Debug|x86.ActiveCfg = Debug|Any CPU
		{7C33C57A-5AE2-462B-A43B-E5B6C0A8A5B9}.Debug|x86.Build.0 = Debug|Any CPU
		{7C33C57A-5AE2-462B-A43B-E5B6C0A8A5B9}.Release|Any CPU.ActiveCfg = Release|Any CPU
		{7C33C57A-5AE2-462B-A43B-E5B6C0A8A5B9}.Release|Any CPU.Build.0 = Release|Any CPU
		{7C33C57A-5AE2-462B-A43B-E5B6C0A8A5B9}.Release|x64.ActiveCfg = Release|Any CPU
		{7C33C57A-5AE2-462B-A43B-E5B6C0A8A5B9}.Release|x64.Build.0 = Release|Any CPU
		{7C33C57A-5AE2-462B-A43B-E5B6C0A8A5B9}.Release|x86.ActiveCfg = Release|Any CPU
		{7C33C57A-5AE2-462B-A43B-E5B6C0A8A5B9}.Release|x86.Build.0 = Release|Any CPU
		{F0CBA84D-7464-4109-8E26-27EEA4E720C0}.Debug|Any CPU.ActiveCfg = Debug|Any CPU
		{F0CBA84D-7464-4109-8E26-27EEA4E720C0}.Debug|Any CPU.Build.0 = Debug|Any CPU
		{F0CBA84D-7464-4109-8E26-27EEA4E720C0}.Debug|x64.ActiveCfg = Debug|Any CPU
		{F0CBA84D-7464-4109-8E26-27EEA4E720C0}.Debug|x64.Build.0 = Debug|Any CPU
		{F0CBA84D-7464-4109-8E26-27EEA4E720C0}.Debug|x86.ActiveCfg = Debug|Any CPU
		{F0CBA84D-7464-4109-8E26-27EEA4E720C0}.Debug|x86.Build.0 = Debug|Any CPU
		{F0CBA84D-7464-4109-8E26-27EEA4E720C0}.Release|Any CPU.ActiveCfg = Release|Any CPU
		{F0CBA84D-7464-4109-8E26-27EEA4E720C0}.Release|Any CPU.Build.0 = Release|Any CPU
		{F0CBA84D-7464-4109-8E26-27EEA4E720C0}.Release|x64.ActiveCfg = Release|Any CPU
		{F0CBA84D-7464-4109-8E26-27EEA4E720C0}.Release|x64.Build.0 = Release|Any CPU
		{F0CBA84D-7464-4109-8E26-27EEA4E720C0}.Release|x86.ActiveCfg = Release|Any CPU
		{F0CBA84D-7464-4109-8E26-27EEA4E720C0}.Release|x86.Build.0 = Release|Any CPU
		{FD0B86F0-6419-426D-9E25-12B8A8398544}.Debug|Any CPU.ActiveCfg = Debug|Any CPU
		{FD0B86F0-6419-426D-9E25-12B8A8398544}.Debug|Any CPU.Build.0 = Debug|Any CPU
		{FD0B86F0-6419-426D-9E25-12B8A8398544}.Debug|x64.ActiveCfg = Debug|Any CPU
		{FD0B86F0-6419-426D-9E25-12B8A8398544}.Debug|x64.Build.0 = Debug|Any CPU
		{FD0B86F0-6419-426D-9E25-12B8A8398544}.Debug|x86.ActiveCfg = Debug|Any CPU
		{FD0B86F0-6419-426D-9E25-12B8A8398544}.Debug|x86.Build.0 = Debug|Any CPU
		{FD0B86F0-6419-426D-9E25-12B8A8398544}.Release|Any CPU.ActiveCfg = Release|Any CPU
		{FD0B86F0-6419-426D-9E25-12B8A8398544}.Release|Any CPU.Build.0 = Release|Any CPU
		{FD0B86F0-6419-426D-9E25-12B8A8398544}.Release|x64.ActiveCfg = Release|Any CPU
		{FD0B86F0-6419-426D-9E25-12B8A8398544}.Release|x64.Build.0 = Release|Any CPU
		{FD0B86F0-6419-426D-9E25-12B8A8398544}.Release|x86.ActiveCfg = Release|Any CPU
		{FD0B86F0-6419-426D-9E25-12B8A8398544}.Release|x86.Build.0 = Release|Any CPU
		{F06B3315-26C3-4C5D-A6C5-D6121C64D758}.Debug|Any CPU.ActiveCfg = Debug|Any CPU
		{F06B3315-26C3-4C5D-A6C5-D6121C64D758}.Debug|Any CPU.Build.0 = Debug|Any CPU
		{F06B3315-26C3-4C5D-A6C5-D6121C64D758}.Debug|x64.ActiveCfg = Debug|Any CPU
		{F06B3315-26C3-4C5D-A6C5-D6121C64D758}.Debug|x64.Build.0 = Debug|Any CPU
		{F06B3315-26C3-4C5D-A6C5-D6121C64D758}.Debug|x86.ActiveCfg = Debug|Any CPU
		{F06B3315-26C3-4C5D-A6C5-D6121C64D758}.Debug|x86.Build.0 = Debug|Any CPU
		{F06B3315-26C3-4C5D-A6C5-D6121C64D758}.Release|Any CPU.ActiveCfg = Release|Any CPU
		{F06B3315-26C3-4C5D-A6C5-D6121C64D758}.Release|Any CPU.Build.0 = Release|Any CPU
		{F06B3315-26C3-4C5D-A6C5-D6121C64D758}.Release|x64.ActiveCfg = Release|Any CPU
		{F06B3315-26C3-4C5D-A6C5-D6121C64D758}.Release|x64.Build.0 = Release|Any CPU
		{F06B3315-26C3-4C5D-A6C5-D6121C64D758}.Release|x86.ActiveCfg = Release|Any CPU
		{F06B3315-26C3-4C5D-A6C5-D6121C64D758}.Release|x86.Build.0 = Release|Any CPU
		{8474C1DC-CE8B-4D84-9533-292CC689953D}.Debug|Any CPU.ActiveCfg = Debug|Any CPU
		{8474C1DC-CE8B-4D84-9533-292CC689953D}.Debug|Any CPU.Build.0 = Debug|Any CPU
		{8474C1DC-CE8B-4D84-9533-292CC689953D}.Debug|x64.ActiveCfg = Debug|Any CPU
		{8474C1DC-CE8B-4D84-9533-292CC689953D}.Debug|x64.Build.0 = Debug|Any CPU
		{8474C1DC-CE8B-4D84-9533-292CC689953D}.Debug|x86.ActiveCfg = Debug|Any CPU
		{8474C1DC-CE8B-4D84-9533-292CC689953D}.Debug|x86.Build.0 = Debug|Any CPU
		{8474C1DC-CE8B-4D84-9533-292CC689953D}.Release|Any CPU.ActiveCfg = Release|Any CPU
		{8474C1DC-CE8B-4D84-9533-292CC689953D}.Release|Any CPU.Build.0 = Release|Any CPU
		{8474C1DC-CE8B-4D84-9533-292CC689953D}.Release|x64.ActiveCfg = Release|Any CPU
		{8474C1DC-CE8B-4D84-9533-292CC689953D}.Release|x64.Build.0 = Release|Any CPU
		{8474C1DC-CE8B-4D84-9533-292CC689953D}.Release|x86.ActiveCfg = Release|Any CPU
		{8474C1DC-CE8B-4D84-9533-292CC689953D}.Release|x86.Build.0 = Release|Any CPU
	EndGlobalSection
	GlobalSection(SolutionProperties) = preSolution
		HideSolutionNode = FALSE
	EndGlobalSection
	GlobalSection(NestedProjects) = preSolution
		{D9366DE9-B3B4-08FA-C29B-5429647E0623} = {827E0CD3-B72D-47B6-A68D-7590B98EB39B}
		{B4780FCF-FC7F-4EA9-8ADD-F3BE9ED3BFDA} = {827E0CD3-B72D-47B6-A68D-7590B98EB39B}
		{7C33C57A-5AE2-462B-A43B-E5B6C0A8A5B9} = {827E0CD3-B72D-47B6-A68D-7590B98EB39B}
		{F0CBA84D-7464-4109-8E26-27EEA4E720C0} = {827E0CD3-B72D-47B6-A68D-7590B98EB39B}
		{FD0B86F0-6419-426D-9E25-12B8A8398544} = {827E0CD3-B72D-47B6-A68D-7590B98EB39B}
		{F06B3315-26C3-4C5D-A6C5-D6121C64D758} = {827E0CD3-B72D-47B6-A68D-7590B98EB39B}
		{8474C1DC-CE8B-4D84-9533-292CC689953D} = {827E0CD3-B72D-47B6-A68D-7590B98EB39B}
	EndGlobalSection
EndGlobal
